Microsoft Visual Studio Solution File, Format Version 12.00
# Visual Studio Version 17
VisualStudioVersion = 17.0.31903.59
MinimumVisualStudioVersion = 10.0.40219.1
Project("{FAE04EC0-301F-11D3-BF4B-00C04F79EFBC}") = "AIRoundTableSecretSharingCommon", "AIRoundTableSecretSharingCommon\AIRoundTableSecretSharingCommon.csproj", "{78C98F77-D948-4BD4-9161-EA0C5F349F6A}"
EndProject
Project("{FAE04EC0-301F-11D3-BF4B-00C04F79EFBC}") = "AIRoundTableSecretSharingAPI", "AIRoundTableSecretSharingAPI\AIRoundTableSecretSharingAPI.csproj", "{E9BACE1A-9FF6-433A-AB58-D70BC33CE0E2}"
EndProject
Project("{FAE04EC0-301F-11D3-BF4B-00C04F79EFBC}") = "AIRoundTableSecretSharingSecureDemo", "AIRoundTableSecretSharingSecureDemo\AIRoundTableSecretSharingSecureDemo.csproj", "{6C1A19CE-47E6-4A6B-9D97-01B22DBA1987}"
EndProject
Global
	GlobalSection(SolutionConfigurationPlatforms) = preSolution
		Debug|Any CPU = Debug|Any CPU
		Debug|x64 = Debug|x64
		Debug|x86 = Debug|x86
		Release|Any CPU = Release|Any CPU
		Release|x64 = Release|x64
		Release|x86 = Release|x86
	EndGlobalSection
	GlobalSection(ProjectConfigurationPlatforms) = postSolution
		{78C98F77-D948-4BD4-9161-EA0C5F349F6A}.Debug|Any CPU.ActiveCfg = Debug|Any CPU
		{78C98F77-D948-4BD4-9161-EA0C5F349F6A}.Debug|Any CPU.Build.0 = Debug|Any CPU
		{78C98F77-D948-4BD4-9161-EA0C5F349F6A}.Debug|x64.ActiveCfg = Debug|Any CPU
		{78C98F77-D948-4BD4-9161-EA0C5F349F6A}.Debug|x64.Build.0 = Debug|Any CPU
		{78C98F77-D948-4BD4-9161-EA0C5F349F6A}.Debug|x86.ActiveCfg = Debug|Any CPU
		{78C98F77-D948-4BD4-9161-EA0C5F349F6A}.Debug|x86.Build.0 = Debug|Any CPU
		{78C98F77-D948-4BD4-9161-EA0C5F349F6A}.Release|Any CPU.ActiveCfg = Release|Any CPU
		{78C98F77-D948-4BD4-9161-EA0C5F349F6A}.Release|Any CPU.Build.0 = Release|Any CPU
		{78C98F77-D948-4BD4-9161-EA0C5F349F6A}.Release|x64.ActiveCfg = Release|Any CPU
		{78C98F77-D948-4BD4-9161-EA0C5F349F6A}.Release|x64.Build.0 = Release|Any CPU
		{78C98F77-D948-4BD4-9161-EA0C5F349F6A}.Release|x86.ActiveCfg = Release|Any CPU
		{78C98F77-D948-4BD4-9161-EA0C5F349F6A}.Release|x86.Build.0 = Release|Any CPU
		{E9BACE1A-9FF6-433A-AB58-D70BC33CE0E2}.Debug|Any CPU.ActiveCfg = Debug|Any CPU
		{E9BACE1A-9FF6-433A-AB58-D70BC33CE0E2}.Debug|Any CPU.Build.0 = Debug|Any CPU
		{E9BACE1A-9FF6-433A-AB58-D70BC33CE0E2}.Debug|x64.ActiveCfg = Debug|Any CPU
		{E9BACE1A-9FF6-433A-AB58-D70BC33CE0E2}.Debug|x64.Build.0 = Debug|Any CPU
		{E9BACE1A-9FF6-433A-AB58-D70BC33CE0E2}.Debug|x86.ActiveCfg = Debug|Any CPU
		{E9BACE1A-9FF6-433A-AB58-D70BC33CE0E2}.Debug|x86.Build.0 = Debug|Any CPU
		{E9BACE1A-9FF6-433A-AB58-D70BC33CE0E2}.Release|Any CPU.ActiveCfg = Release|Any CPU
		{E9BACE1A-9FF6-433A-AB58-D70BC33CE0E2}.Release|Any CPU.Build.0 = Release|Any CPU
		{E9BACE1A-9FF6-433A-AB58-D70BC33CE0E2}.Release|x64.ActiveCfg = Release|Any CPU
		{E9BACE1A-9FF6-433A-AB58-D70BC33CE0E2}.Release|x64.Build.0 = Release|Any CPU
		{E9BACE1A-9FF6-433A-AB58-D70BC33CE0E2}.Release|x86.ActiveCfg = Release|Any CPU
		{E9BACE1A-9FF6-433A-AB58-D70BC33CE0E2}.Release|x86.Build.0 = Release|Any CPU
		{BB517DEC-4D67-4ED0-98FA-D7BF370B5FD6}.Debug|Any CPU.ActiveCfg = Debug|Any CPU
		{BB517DEC-4D67-4ED0-98FA-D7BF370B5FD6}.Debug|Any CPU.Build.0 = Debug|Any CPU
		{BB517DEC-4D67-4ED0-98FA-D7BF370B5FD6}.Debug|x64.ActiveCfg = Debug|Any CPU
		{BB517DEC-4D67-4ED0-98FA-D7BF370B5FD6}.Debug|x64.Build.0 = Debug|Any CPU
		{BB517DEC-4D67-4ED0-98FA-D7BF370B5FD6}.Debug|x86.ActiveCfg = Debug|Any CPU
		{BB517DEC-4D67-4ED0-98FA-D7BF370B5FD6}.Debug|x86.Build.0 = Debug|Any CPU
		{BB517DEC-4D67-4ED0-98FA-D7BF370B5FD6}.Release|Any CPU.ActiveCfg = Release|Any CPU
		{BB517DEC-4D67-4ED0-98FA-D7BF370B5FD6}.Release|Any CPU.Build.0 = Release|Any CPU
		{BB517DEC-4D67-4ED0-98FA-D7BF370B5FD6}.Release|x64.ActiveCfg = Release|Any CPU
		{BB517DEC-4D67-4ED0-98FA-D7BF370B5FD6}.Release|x64.Build.0 = Release|Any CPU
		{BB517DEC-4D67-4ED0-98FA-D7BF370B5FD6}.Release|x86.ActiveCfg = Release|Any CPU
		{BB517DEC-4D67-4ED0-98FA-D7BF370B5FD6}.Release|x86.Build.0 = Release|Any CPU
		{6C1A19CE-47E6-4A6B-9D97-01B22DBA1987}.Debug|Any CPU.ActiveCfg = Debug|Any CPU
		{6C1A19CE-47E6-4A6B-9D97-01B22DBA1987}.Debug|Any CPU.Build.0 = Debug|Any CPU
		{6C1A19CE-47E6-4A6B-9D97-01B22DBA1987}.Debug|x64.ActiveCfg = Debug|Any CPU
		{6C1A19CE-47E6-4A6B-9D97-01B22DBA1987}.Debug|x64.Build.0 = Debug|Any CPU
		{6C1A19CE-47E6-4A6B-9D97-01B22DBA1987}.Debug|x86.ActiveCfg = Debug|Any CPU
		{6C1A19CE-47E6-4A6B-9D97-01B22DBA1987}.Debug|x86.Build.0 = Debug|Any CPU
		{6C1A19CE-47E6-4A6B-9D97-01B22DBA1987}.Release|Any CPU.ActiveCfg = Release|Any CPU
		{6C1A19CE-47E6-4A6B-9D97-01B22DBA1987}.Release|Any CPU.Build.0 = Release|Any CPU
		{6C1A19CE-47E6-4A6B-9D97-01B22DBA1987}.Release|x64.ActiveCfg = Release|Any CPU
		{6C1A19CE-47E6-4A6B-9D97-01B22DBA1987}.Release|x64.Build.0 = Release|Any CPU
		{6C1A19CE-47E6-4A6B-9D97-01B22DBA1987}.Release|x86.ActiveCfg = Release|Any CPU
		{6C1A19CE-47E6-4A6B-9D97-01B22DBA1987}.Release|x86.Build.0 = Release|Any CPU
	EndGlobalSection
	GlobalSection(SolutionProperties) = preSolution
		HideSolutionNode = FALSE
	EndGlobalSection
EndGlobal
